
Microsoft Visual Studio Solution File, Format Version 12.00
# Visual Studio Version 17
VisualStudioVersion = 17.5.33627.172
MinimumVisualStudioVersion = 10.0.40219.1
Project("{FAE04EC0-301F-11D3-BF4B-00C04F79EFBC}") = "ChatDiGruppo", "ChatDiGruppo\ChatDiGruppo.csproj", "{B1F19E6A-8E2E-474A-BFDB-313EA92D588D}"
EndProject
Global
	GlobalSection(SolutionConfigurationPlatforms) = preSolution
		Debug|Any CPU = Debug|Any CPU
		Release|Any CPU = Release|Any CPU
	EndGlobalSection
	GlobalSection(ProjectConfigurationPlatforms) = postSolution
		{B1F19E6A-8E2E-474A-BFDB-313EA92D588D}.Debug|Any CPU.ActiveCfg = Debug|Any CPU
		{B1F19E6A-8E2E-474A-BFDB-313EA92D588D}.Debug|Any CPU.Build.0 = Debug|Any CPU
		{B1F19E6A-8E2E-474A-BFDB-313EA92D588D}.Release|Any CPU.ActiveCfg = Release|Any CPU
		{B1F19E6A-8E2E-474A-BFDB-313EA92D588D}.Release|Any CPU.Build.0 = Release|Any CPU
	EndGlobalSection
	GlobalSection(SolutionProperties) = preSolution
		HideSolutionNode = FALSE
	EndGlobalSection
	GlobalSection(ExtensibilityGlobals) = postSolution
		SolutionGuid = {552F3C84-516B-4189-BD1B-5CFF3B174AB4}
	EndGlobalSection
EndGlobal
